# @generated by Move, please check-in and do not edit manually.

[move]
version = 3
manifest_digest = "D6814AFB1871629AA2BA9892A2570BC50C4A17DE4441827C786B2DD6040D6046"
deps_digest = "F8BBB0CCB2491CA29A3DF03D6F92277A4F3574266507ACD77214D37ECA3F3082"
dependencies = [
  { id = "Sui", name = "Sui" },
]

[[move.package]]
id = "MoveStdlib"
source = { git = "https://github.com/MystenLabs/sui.git", rev = "framework/testnet", subdir = "crates\\sui-framework\\packages\\move-stdlib" }

[[move.package]]
id = "Sui"
source = { git = "https://github.com/MystenLabs/sui.git", rev = "framework/testnet", subdir = "crates/sui-framework/packages/sui-framework" }

dependencies = [
  { id = "MoveStdlib", name = "MoveStdlib" },
]

[move.toolchain-version]
compiler-version = "1.57.0"
edition = "2024.beta"
flavor = "sui"

[env]

[env.testnet]
chain-id = "4c78adac"
original-published-id = "0xf96bcda88f3d9322a39ce7cbda4862acb2f87935c1e832ee4604a1df8667052e"
latest-published-id = "0xf96bcda88f3d9322a39ce7cbda4862acb2f87935c1e832ee4604a1df8667052e"
published-version = "1"
